
Microsoft Visual Studio Solution File, Format Version 12.00
# Visual Studio Version 16
VisualStudioVersion = 16.0.30011.22
MinimumVisualStudioVersion = 10.0.40219.1
Project("{FAE04EC0-301F-11D3-BF4B-00C04F79EFBC}") = "BlackJack", "BlackJack\BlackJack.csproj", "{9C2787E7-EC49-44DE-94AF-447CB5A74D02}"
EndProject
Global
	GlobalSection(SolutionConfigurationPlatforms) = preSolution
		Debug|Any CPU = Debug|Any CPU
		Release|Any CPU = Release|Any CPU
	EndGlobalSection
	GlobalSection(ProjectConfigurationPlatforms) = postSolution
		{9C2787E7-EC49-44DE-94AF-447CB5A74D02}.Debug|Any CPU.ActiveCfg = Debug|Any CPU
		{9C2787E7-EC49-44DE-94AF-447CB5A74D02}.Debug|Any CPU.Build.0 = Debug|Any CPU
		{9C2787E7-EC49-44DE-94AF-447CB5A74D02}.Release|Any CPU.ActiveCfg = Release|Any CPU
		{9C2787E7-EC49-44DE-94AF-447CB5A74D02}.Release|Any CPU.Build.0 = Release|Any CPU
	EndGlobalSection
	GlobalSection(SolutionProperties) = preSolution
		HideSolutionNode = FALSE
	EndGlobalSection
	GlobalSection(ExtensibilityGlobals) = postSolution
		SolutionGuid = {ED53A00F-181A-4855-9068-B862BBAF4151}
	EndGlobalSection
EndGlobal
